
Microsoft Visual Studio Solution File, Format Version 12.00
# Visual Studio 15
VisualStudioVersion = 15.0.27004.2006
MinimumVisualStudioVersion = 10.0.40219.1
Project("{FAE04EC0-301F-11D3-BF4B-00C04F79EFBC}") = "hanna80_SLICKIceWinterGear", "hanna80_SLICKIceWinterGear\hanna80_SLICKIceWinterGear.csproj", "{AE773F52-9EBB-4356-B1F2-ECC3F63B4B49}"
EndProject
Global
	GlobalSection(SolutionConfigurationPlatforms) = preSolution
		Debug|Any CPU = Debug|Any CPU
		Release|Any CPU = Release|Any CPU
	EndGlobalSection
	GlobalSection(ProjectConfigurationPlatforms) = postSolution
		{AE773F52-9EBB-4356-B1F2-ECC3F63B4B49}.Debug|Any CPU.ActiveCfg = Debug|Any CPU
		{AE773F52-9EBB-4356-B1F2-ECC3F63B4B49}.Debug|Any CPU.Build.0 = Debug|Any CPU
		{AE773F52-9EBB-4356-B1F2-ECC3F63B4B49}.Release|Any CPU.ActiveCfg = Release|Any CPU
		{AE773F52-9EBB-4356-B1F2-ECC3F63B4B49}.Release|Any CPU.Build.0 = Release|Any CPU
	EndGlobalSection
	GlobalSection(SolutionProperties) = preSolution
		HideSolutionNode = FALSE
	EndGlobalSection
	GlobalSection(ExtensibilityGlobals) = postSolution
		SolutionGuid = {0D3FE821-6670-4B74-B829-DD75FA8D6746}
	EndGlobalSection
EndGlobal
